
Microsoft Visual Studio Solution File, Format Version 12.00
# Visual Studio Version 17
VisualStudioVersion = 17.13.35931.197 d17.13
MinimumVisualStudioVersion = 10.0.40219.1
Project("{FAE04EC0-301F-11D3-BF4B-00C04F79EFBC}") = "PoultryProject", "PoultryProject.csproj", "{8510C80F-419C-4165-BBDB-8CE861CA183D}"
EndProject
Global
	GlobalSection(SolutionConfigurationPlatforms) = preSolution
		Debug|Any CPU = Debug|Any CPU
		Release|Any CPU = Release|Any CPU
	EndGlobalSection
	GlobalSection(ProjectConfigurationPlatforms) = postSolution
		{8510C80F-419C-4165-BBDB-8CE861CA183D}.Debug|Any CPU.ActiveCfg = Debug|Any CPU
		{8510C80F-419C-4165-BBDB-8CE861CA183D}.Debug|Any CPU.Build.0 = Debug|Any CPU
		{8510C80F-419C-4165-BBDB-8CE861CA183D}.Release|Any CPU.ActiveCfg = Release|Any CPU
		{8510C80F-419C-4165-BBDB-8CE861CA183D}.Release|Any CPU.Build.0 = Release|Any CPU
	EndGlobalSection
	GlobalSection(SolutionProperties) = preSolution
		HideSolutionNode = FALSE
	EndGlobalSection
	GlobalSection(ExtensibilityGlobals) = postSolution
		SolutionGuid = {0CA9C77D-3494-438C-85E5-FEE4CA8FCA38}
	EndGlobalSection
EndGlobal
